// !$*UTF8*$!
{
	archiveVersion = 1;
	classes = {
	};
	objectVersion = 56;
	objects = {

/* Begin PBXBuildFile section */
		8192B52D2B931F9800AF987D /* DevoteApp.swift in Sources */ = {isa = PBXBuildFile; fileRef = 8192B52C2B931F9800AF987D /* DevoteApp.swift */; };
		8192B52F2B931F9800AF987D /* ContentView.swift in Sources */ = {isa = PBXBuildFile; fileRef = 8192B52E2B931F9800AF987D /* ContentView.swift */; };
		8192B5312B931FA000AF987D /* Assets.xcassets in Resources */ = {isa = PBXBuildFile; fileRef = 8192B5302B931FA000AF987D /* Assets.xcassets */; };
		8192B5342B931FA000AF987D /* Preview Assets.xcassets in Resources */ = {isa = PBXBuildFile; fileRef = 8192B5332B931FA000AF987D /* Preview Assets.xcassets */; };
		8192B5362B931FA000AF987D /* Persistence.swift in Sources */ = {isa = PBXBuildFile; fileRef = 8192B5352B931FA000AF987D /* Persistence.swift */; };
		8192B5392B931FA000AF987D /* Devote.xcdatamodeld in Sources */ = {isa = PBXBuildFile; fileRef = 8192B5372B931FA000AF987D /* Devote.xcdatamodeld */; };
		8192B5422B93202400AF987D /* sound-ding.mp3 in Resources */ = {isa = PBXBuildFile; fileRef = 8192B53F2B93202400AF987D /* sound-ding.mp3 */; };
		8192B5432B93202400AF987D /* sound-tap.mp3 in Resources */ = {isa = PBXBuildFile; fileRef = 8192B5402B93202400AF987D /* sound-tap.mp3 */; };
		8192B5442B93202400AF987D /* sound-rise.mp3 in Resources */ = {isa = PBXBuildFile; fileRef = 8192B5412B93202400AF987D /* sound-rise.mp3 */; };
		8192B5512B93771000AF987D /* Constants.swift in Sources */ = {isa = PBXBuildFile; fileRef = 8192B5502B93771000AF987D /* Constants.swift */; };
		8192B5532B93A48C00AF987D /* HideKeyboardExtension.swift in Sources */ = {isa = PBXBuildFile; fileRef = 8192B5522B93A48C00AF987D /* HideKeyboardExtension.swift */; };
		8192B5552B93BA0500AF987D /* BackgroundImageView.swift in Sources */ = {isa = PBXBuildFile; fileRef = 8192B5542B93BA0500AF987D /* BackgroundImageView.swift */; };
/* End PBXBuildFile section */

/* Begin PBXFileReference section */
		8192B5292B931F9800AF987D /* Devote.app */ = {isa = PBXFileReference; explicitFileType = wrapper.application; includeInIndex = 0; path = Devote.app; sourceTree = BUILT_PRODUCTS_DIR; };
		8192B52C2B931F9800AF987D /* DevoteApp.swift */ = {isa = PBXFileReference; lastKnownFileType = sourcecode.swift; path = DevoteApp.swift; sourceTree = "<group>"; };
		8192B52E2B931F9800AF987D /* ContentView.swift */ = {isa = PBXFileReference; lastKnownFileType = sourcecode.swift; path = ContentView.swift; sourceTree = "<group>"; };
		8192B5302B931FA000AF987D /* Assets.xcassets */ = {isa = PBXFileReference; lastKnownFileType = folder.assetcatalog; path = Assets.xcassets; sourceTree = "<group>"; };
		8192B5332B931FA000AF987D /* Preview Assets.xcassets */ = {isa = PBXFileReference; lastKnownFileType = folder.assetcatalog; path = "Preview Assets.xcassets"; sourceTree = "<group>"; };
		8192B5352B931FA000AF987D /* Persistence.swift */ = {isa = PBXFileReference; lastKnownFileType = sourcecode.swift; path = Persistence.swift; sourceTree = "<group>"; };
		8192B5382B931FA000AF987D /* Devote.xcdatamodel */ = {isa = PBXFileReference; lastKnownFileType = wrapper.xcdatamodel; path = Devote.xcdatamodel; sourceTree = "<group>"; };
		8192B53F2B93202400AF987D /* sound-ding.mp3 */ = {isa = PBXFileReference; lastKnownFileType = audio.mp3; path = "sound-ding.mp3"; sourceTree = "<group>"; };
		8192B5402B93202400AF987D /* sound-tap.mp3 */ = {isa = PBXFileReference; lastKnownFileType = audio.mp3; path = "sound-tap.mp3"; sourceTree = "<group>"; };
		8192B5412B93202400AF987D /* sound-rise.mp3 */ = {isa = PBXFileReference; lastKnownFileType = audio.mp3; path = "sound-rise.mp3"; sourceTree = "<group>"; };
		8192B54B2B9320D500AF987D /* Info.plist */ = {isa = PBXFileReference; lastKnownFileType = text.plist; path = Info.plist; sourceTree = "<group>"; };
		8192B5502B93771000AF987D /* Constants.swift */ = {isa = PBXFileReference; lastKnownFileType = sourcecode.swift; path = Constants.swift; sourceTree = "<group>"; };
		8192B5522B93A48C00AF987D /* HideKeyboardExtension.swift */ = {isa = PBXFileReference; lastKnownFileType = sourcecode.swift; path = HideKeyboardExtension.swift; sourceTree = "<group>"; };
		8192B5542B93BA0500AF987D /* BackgroundImageView.swift */ = {isa = PBXFileReference; lastKnownFileType = sourcecode.swift; path = BackgroundImageView.swift; sourceTree = "<group>"; };
/* End PBXFileReference section */

/* Begin PBXFrameworksBuildPhase section */
		8192B5262B931F9800AF987D /* Frameworks */ = {
			isa = PBXFrameworksBuildPhase;
			buildActionMask = 2147483647;
			files = (
			);
			runOnlyForDeploymentPostprocessing = 0;
		};
/* End PBXFrameworksBuildPhase section */

/* Begin PBXGroup section */
		8192B5202B931F9800AF987D = {
			isa = PBXGroup;
			children = (
				8192B52B2B931F9800AF987D /* Devote */,
				8192B52A2B931F9800AF987D /* Products */,
			);
			sourceTree = "<group>";
		};
		8192B52A2B931F9800AF987D /* Products */ = {
			isa = PBXGroup;
			children = (
				8192B5292B931F9800AF987D /* Devote.app */,
			);
			name = Products;
			sourceTree = "<group>";
		};
		8192B52B2B931F9800AF987D /* Devote */ = {
			isa = PBXGroup;
			children = (
				8192B54B2B9320D500AF987D /* Info.plist */,
				8192B52C2B931F9800AF987D /* DevoteApp.swift */,
				8192B54A2B93209200AF987D /* Model */,
				8192B5492B93206D00AF987D /* Style */,
				8192B5482B93206500AF987D /* Utility */,
				8192B5462B93203500AF987D /* Sounds */,
				8192B5452B93202F00AF987D /* Extension */,
				8192B5472B93205200AF987D /* View */,
				8192B5302B931FA000AF987D /* Assets.xcassets */,
				8192B5322B931FA000AF987D /* Preview Content */,
			);
			path = Devote;
			sourceTree = "<group>";
		};
		8192B5322B931FA000AF987D /* Preview Content */ = {
			isa = PBXGroup;
			children = (
				8192B5332B931FA000AF987D /* Preview Assets.xcassets */,
			);
			path = "Preview Content";
			sourceTree = "<group>";
		};
		8192B5452B93202F00AF987D /* Extension */ = {
			isa = PBXGroup;
			children = (
				8192B5522B93A48C00AF987D /* HideKeyboardExtension.swift */,
			);
			path = Extension;
			sourceTree = "<group>";
		};
		8192B5462B93203500AF987D /* Sounds */ = {
			isa = PBXGroup;
			children = (
				8192B53F2B93202400AF987D /* sound-ding.mp3 */,
				8192B5412B93202400AF987D /* sound-rise.mp3 */,
				8192B5402B93202400AF987D /* sound-tap.mp3 */,
			);
			path = Sounds;
			sourceTree = "<group>";
		};
		8192B5472B93205200AF987D /* View */ = {
			isa = PBXGroup;
			children = (
				8192B52E2B931F9800AF987D /* ContentView.swift */,
				8192B5542B93BA0500AF987D /* BackgroundImageView.swift */,
			);
			path = View;
			sourceTree = "<group>";
		};
		8192B5482B93206500AF987D /* Utility */ = {
			isa = PBXGroup;
			children = (
				8192B5502B93771000AF987D /* Constants.swift */,
			);
			path = Utility;
			sourceTree = "<group>";
		};
		8192B5492B93206D00AF987D /* Style */ = {
			isa = PBXGroup;
			children = (
			);
			path = Style;
			sourceTree = "<group>";
		};
		8192B54A2B93209200AF987D /* Model */ = {
			isa = PBXGroup;
			children = (
				8192B5352B931FA000AF987D /* Persistence.swift */,
				8192B5372B931FA000AF987D /* Devote.xcdatamodeld */,
			);
			path = Model;
			sourceTree = "<group>";
		};
/* End PBXGroup section */

/* Begin PBXNativeTarget section */
		8192B5282B931F9800AF987D /* Devote */ = {
			isa = PBXNativeTarget;
			buildConfigurationList = 8192B53C2B931FA000AF987D /* Build configuration list for PBXNativeTarget "Devote" */;
			buildPhases = (
				8192B5252B931F9800AF987D /* Sources */,
				8192B5262B931F9800AF987D /* Frameworks */,
				8192B5272B931F9800AF987D /* Resources */,
			);
			buildRules = (
			);
			dependencies = (
			);
			name = Devote;
			productName = Devote;
			productReference = 8192B5292B931F9800AF987D /* Devote.app */;
			productType = "com.apple.product-type.application";
		};
/* End PBXNativeTarget section */

/* Begin PBXProject section */
		8192B5212B931F9800AF987D /* Project object */ = {
			isa = PBXProject;
			attributes = {
				BuildIndependentTargetsInParallel = 1;
				LastSwiftUpdateCheck = 1520;
				LastUpgradeCheck = 1520;
				TargetAttributes = {
					8192B5282B931F9800AF987D = {
						CreatedOnToolsVersion = 15.2;
					};
				};
			};
			buildConfigurationList = 8192B5242B931F9800AF987D /* Build configuration list for PBXProject "Devote" */;
			compatibilityVersion = "Xcode 14.0";
			developmentRegion = en;
			hasScannedForEncodings = 0;
			knownRegions = (
				en,
				Base,
			);
			mainGroup = 8192B5202B931F9800AF987D;
			productRefGroup = 8192B52A2B931F9800AF987D /* Products */;
			projectDirPath = "";
			projectRoot = "";
			targets = (
				8192B5282B931F9800AF987D /* Devote */,
			);
		};
/* End PBXProject section */

/* Begin PBXResourcesBuildPhase section */
		8192B5272B931F9800AF987D /* Resources */ = {
			isa = PBXResourcesBuildPhase;
			buildActionMask = 2147483647;
			files = (
				8192B5442B93202400AF987D /* sound-rise.mp3 in Resources */,
				8192B5342B931FA000AF987D /* Preview Assets.xcassets in Resources */,
				8192B5312B931FA000AF987D /* Assets.xcassets in Resources */,
				8192B5432B93202400AF987D /* sound-tap.mp3 in Resources */,
				8192B5422B93202400AF987D /* sound-ding.mp3 in Resources */,
			);
			runOnlyForDeploymentPostprocessing = 0;
		};
/* End PBXResourcesBuildPhase section */

/* Begin PBXSourcesBuildPhase section */
		8192B5252B931F9800AF987D /* Sources */ = {
			isa = PBXSourcesBuildPhase;
			buildActionMask = 2147483647;
			files = (
				8192B5512B93771000AF987D /* Constants.swift in Sources */,
				8192B5552B93BA0500AF987D /* BackgroundImageView.swift in Sources */,
				8192B5362B931FA000AF987D /* Persistence.swift in Sources */,
				8192B5532B93A48C00AF987D /* HideKeyboardExtension.swift in Sources */,
				8192B52F2B931F9800AF987D /* ContentView.swift in Sources */,
				8192B5392B931FA000AF987D /* Devote.xcdatamodeld in Sources */,
				8192B52D2B931F9800AF987D /* DevoteApp.swift in Sources */,
			);
			runOnlyForDeploymentPostprocessing = 0;
		};
/* End PBXSourcesBuildPhase section */

/* Begin XCBuildConfiguration section */
		8192B53A2B931FA000AF987D /* Debug */ = {
			isa = XCBuildConfiguration;
			buildSettings = {
				ALWAYS_SEARCH_USER_PATHS = NO;
				ASSETCATALOG_COMPILER_GENERATE_SWIFT_ASSET_SYMBOL_EXTENSIONS = YES;
				CLANG_ANALYZER_NONNULL = YES;
				CLANG_ANALYZER_NUMBER_OBJECT_CONVERSION = YES_AGGRESSIVE;
				CLANG_CXX_LANGUAGE_STANDARD = "gnu++20";
				CLANG_ENABLE_MODULES = YES;
				CLANG_ENABLE_OBJC_ARC = YES;
				CLANG_ENABLE_OBJC_WEAK = YES;
				CLANG_WARN_BLOCK_CAPTURE_AUTORELEASING = YES;
				CLANG_WARN_BOOL_CONVERSION = YES;
				CLANG_WARN_COMMA = YES;
				CLANG_WARN_CONSTANT_CONVERSION = YES;
				CLANG_WARN_DEPRECATED_OBJC_IMPLEMENTATIONS = YES;
				CLANG_WARN_DIRECT_OBJC_ISA_USAGE = YES_ERROR;
				CLANG_WARN_DOCUMENTATION_COMMENTS = YES;
				CLANG_WARN_EMPTY_BODY = YES;
				CLANG_WARN_ENUM_CONVERSION = YES;
				CLANG_WARN_INFINITE_RECURSION = YES;
				CLANG_WARN_INT_CONVERSION = YES;
				CLANG_WARN_NON_LITERAL_NULL_CONVERSION = YES;
				CLANG_WARN_OBJC_IMPLICIT_RETAIN_SELF = YES;
				CLANG_WARN_OBJC_LITERAL_CONVERSION = YES;
				CLANG_WARN_OBJC_ROOT_CLASS = YES_ERROR;
				CLANG_WARN_QUOTED_INCLUDE_IN_FRAMEWORK_HEADER = YES;
				CLANG_WARN_RANGE_LOOP_ANALYSIS = YES;
				CLANG_WARN_STRICT_PROTOTYPES = YES;
				CLANG_WARN_SUSPICIOUS_MOVE = YES;
				CLANG_WARN_UNGUARDED_AVAILABILITY = YES_AGGRESSIVE;
				CLANG_WARN_UNREACHABLE_CODE = YES;
				CLANG_WARN__DUPLICATE_METHOD_MATCH = YES;
				COPY_PHASE_STRIP = NO;
				DEBUG_INFORMATION_FORMAT = dwarf;
				ENABLE_STRICT_OBJC_MSGSEND = YES;
				ENABLE_TESTABILITY = YES;
				ENABLE_USER_SCRIPT_SANDBOXING = YES;
				GCC_C_LANGUAGE_STANDARD = gnu17;
				GCC_DYNAMIC_NO_PIC = NO;
				GCC_NO_COMMON_BLOCKS = YES;
				GCC_OPTIMIZATION_LEVEL = 0;
				GCC_PREPROCESSOR_DEFINITIONS = (
					"DEBUG=1",
					"$(inherited)",
				);
				GCC_WARN_64_TO_32_BIT_CONVERSION = YES;
				GCC_WARN_ABOUT_RETURN_TYPE = YES_ERROR;
				GCC_WARN_UNDECLARED_SELECTOR = YES;
				GCC_WARN_UNINITIALIZED_AUTOS = YES_AGGRESSIVE;
				GCC_WARN_UNUSED_FUNCTION = YES;
				GCC_WARN_UNUSED_VARIABLE = YES;
				IPHONEOS_DEPLOYMENT_TARGET = 17.2;
				LOCALIZATION_PREFERS_STRING_CATALOGS = YES;
				MTL_ENABLE_DEBUG_INFO = INCLUDE_SOURCE;
				MTL_FAST_MATH = YES;
				ONLY_ACTIVE_ARCH = YES;
				SDKROOT = iphoneos;
				SWIFT_ACTIVE_COMPILATION_CONDITIONS = "DEBUG $(inherited)";
				SWIFT_OPTIMIZATION_LEVEL = "-Onone";
			};
			name = Debug;
		};
		8192B53B2B931FA000AF987D /* Release */ = {
			isa = XCBuildConfiguration;
			buildSettings = {
				ALWAYS_SEARCH_USER_PATHS = NO;
				ASSETCATALOG_COMPILER_GENERATE_SWIFT_ASSET_SYMBOL_EXTENSIONS = YES;
				CLANG_ANALYZER_NONNULL = YES;
				CLANG_ANALYZER_NUMBER_OBJECT_CONVERSION = YES_AGGRESSIVE;
				CLANG_CXX_LANGUAGE_STANDARD = "gnu++20";
				CLANG_ENABLE_MODULES = YES;
				CLANG_ENABLE_OBJC_ARC = YES;
				CLANG_ENABLE_OBJC_WEAK = YES;
				CLANG_WARN_BLOCK_CAPTURE_AUTORELEASING = YES;
				CLANG_WARN_BOOL_CONVERSION = YES;
				CLANG_WARN_COMMA = YES;
				CLANG_WARN_CONSTANT_CONVERSION = YES;
				CLANG_WARN_DEPRECATED_OBJC_IMPLEMENTATIONS = YES;
				CLANG_WARN_DIRECT_OBJC_ISA_USAGE = YES_ERROR;
				CLANG_WARN_DOCUMENTATION_COMMENTS = YES;
				CLANG_WARN_EMPTY_BODY = YES;
				CLANG_WARN_ENUM_CONVERSION = YES;
				CLANG_WARN_INFINITE_RECURSION = YES;
				CLANG_WARN_INT_CONVERSION = YES;
				CLANG_WARN_NON_LITERAL_NULL_CONVERSION = YES;
				CLANG_WARN_OBJC_IMPLICIT_RETAIN_SELF = YES;
				CLANG_WARN_OBJC_LITERAL_CONVERSION = YES;
				CLANG_WARN_OBJC_ROOT_CLASS = YES_ERROR;
				CLANG_WARN_QUOTED_INCLUDE_IN_FRAMEWORK_HEADER = YES;
				CLANG_WARN_RANGE_LOOP_ANALYSIS = YES;
				CLANG_WARN_STRICT_PROTOTYPES = YES;
				CLANG_WARN_SUSPICIOUS_MOVE = YES;
				CLANG_WARN_UNGUARDED_AVAILABILITY = YES_AGGRESSIVE;
				CLANG_WARN_UNREACHABLE_CODE = YES;
				CLANG_WARN__DUPLICATE_METHOD_MATCH = YES;
				COPY_PHASE_STRIP = NO;
				DEBUG_INFORMATION_FORMAT = "dwarf-with-dsym";
				ENABLE_NS_ASSERTIONS = NO;
				ENABLE_STRICT_OBJC_MSGSEND = YES;
				ENABLE_USER_SCRIPT_SANDBOXING = YES;
				GCC_C_LANGUAGE_STANDARD = gnu17;
				GCC_NO_COMMON_BLOCKS = YES;
				GCC_WARN_64_TO_32_BIT_CONVERSION = YES;
				GCC_WARN_ABOUT_RETURN_TYPE = YES_ERROR;
				GCC_WARN_UNDECLARED_SELECTOR = YES;
				GCC_WARN_UNINITIALIZED_AUTOS = YES_AGGRESSIVE;
				GCC_WARN_UNUSED_FUNCTION = YES;
				GCC_WARN_UNUSED_VARIABLE = YES;
				IPHONEOS_DEPLOYMENT_TARGET = 17.2;
				LOCALIZATION_PREFERS_STRING_CATALOGS = YES;
				MTL_ENABLE_DEBUG_INFO = NO;
				MTL_FAST_MATH = YES;
				SDKROOT = iphoneos;
				SWIFT_COMPILATION_MODE = wholemodule;
				VALIDATE_PRODUCT = YES;
			};
			name = Release;
		};
		8192B53D2B931FA000AF987D /* Debug */ = {
			isa = XCBuildConfiguration;
			buildSettings = {
				ASSETCATALOG_COMPILER_APPICON_NAME = AppIcon;
				ASSETCATALOG_COMPILER_GLOBAL_ACCENT_COLOR_NAME = AccentColor;
				CODE_SIGN_STYLE = Automatic;
				CURRENT_PROJECT_VERSION = 1;
				DEVELOPMENT_ASSET_PATHS = "\"Devote/Preview Content\"";
				ENABLE_PREVIEWS = YES;
				GENERATE_INFOPLIST_FILE = YES;
				INFOPLIST_FILE = Devote/Info.plist;
				INFOPLIST_KEY_UIApplicationSceneManifest_Generation = YES;
				INFOPLIST_KEY_UIApplicationSupportsIndirectInputEvents = YES;
				INFOPLIST_KEY_UISupportedInterfaceOrientations = UIInterfaceOrientationPortrait;
				LD_RUNPATH_SEARCH_PATHS = (
					"$(inherited)",
					"@executable_path/Frameworks",
				);
				MARKETING_VERSION = 1.0;
				PRODUCT_BUNDLE_IDENTIFIER = aoo.Devote;
				PRODUCT_NAME = "$(TARGET_NAME)";
				SWIFT_EMIT_LOC_STRINGS = YES;
				SWIFT_VERSION = 5.0;
				TARGETED_DEVICE_FAMILY = "1,2";
			};
			name = Debug;
		};
		8192B53E2B931FA000AF987D /* Release */ = {
			isa = XCBuildConfiguration;
			buildSettings = {
				ASSETCATALOG_COMPILER_APPICON_NAME = AppIcon;
				ASSETCATALOG_COMPILER_GLOBAL_ACCENT_COLOR_NAME = AccentColor;
				CODE_SIGN_STYLE = Automatic;
				CURRENT_PROJECT_VERSION = 1;
				DEVELOPMENT_ASSET_PATHS = "\"Devote/Preview Content\"";
				ENABLE_PREVIEWS = YES;
				GENERATE_INFOPLIST_FILE = YES;
				INFOPLIST_FILE = Devote/Info.plist;
				INFOPLIST_KEY_UIApplicationSceneManifest_Generation = YES;
				INFOPLIST_KEY_UIApplicationSupportsIndirectInputEvents = YES;
				INFOPLIST_KEY_UISupportedInterfaceOrientations = UIInterfaceOrientationPortrait;
				LD_RUNPATH_SEARCH_PATHS = (
					"$(inherited)",
					"@executable_path/Frameworks",
				);
				MARKETING_VERSION = 1.0;
				PRODUCT_BUNDLE_IDENTIFIER = aoo.Devote;
				PRODUCT_NAME = "$(TARGET_NAME)";
				SWIFT_EMIT_LOC_STRINGS = YES;
				SWIFT_VERSION = 5.0;
				TARGETED_DEVICE_FAMILY = "1,2";
			};
			name = Release;
		};
/* End XCBuildConfiguration section */

/* Begin XCConfigurationList section */
		8192B5242B931F9800AF987D /* Build configuration list for PBXProject "Devote" */ = {
			isa = XCConfigurationList;
			buildConfigurations = (
				8192B53A2B931FA000AF987D /* Debug */,
				8192B53B2B931FA000AF987D /* Release */,
			);
			defaultConfigurationIsVisible = 0;
			defaultConfigurationName = Release;
		};
		8192B53C2B931FA000AF987D /* Build configuration list for PBXNativeTarget "Devote" */ = {
			isa = XCConfigurationList;
			buildConfigurations = (
				8192B53D2B931FA000AF987D /* Debug */,
				8192B53E2B931FA000AF987D /* Release */,
			);
			defaultConfigurationIsVisible = 0;
			defaultConfigurationName = Release;
		};
/* End XCConfigurationList section */

/* Begin XCVersionGroup section */
		8192B5372B931FA000AF987D /* Devote.xcdatamodeld */ = {
			isa = XCVersionGroup;
			children = (
				8192B5382B931FA000AF987D /* Devote.xcdatamodel */,
			);
			currentVersion = 8192B5382B931FA000AF987D /* Devote.xcdatamodel */;
			path = Devote.xcdatamodeld;
			sourceTree = "<group>";
			versionGroupType = wrapper.xcdatamodel;
		};
/* End XCVersionGroup section */
	};
	rootObject = 8192B5212B931F9800AF987D /* Project object */;
}
